// !$*UTF8*$!
{
	archiveVersion = 1;
	classes = {
	};
	objectVersion = 48;
	objects = {

/* Begin PBXBuildFile section */
		B9F67FCC1FBDC98D005A8A75 /* StringsLocalizationModel.swift in Sources */ = {isa = PBXBuildFile; fileRef = B9F67FCB1FBDC98D005A8A75 /* StringsLocalizationModel.swift */; };
		B9F6AD061FB459D50011A2F1 /* main.swift in Sources */ = {isa = PBXBuildFile; fileRef = B9F6AD051FB459D50011A2F1 /* main.swift */; };
		B9F6AD0D1FB45CAE0011A2F1 /* Configuration.swift in Sources */ = {isa = PBXBuildFile; fileRef = B9F6AD0C1FB45CAE0011A2F1 /* Configuration.swift */; };
		B9F6AD0F1FB466210011A2F1 /* Checker.swift in Sources */ = {isa = PBXBuildFile; fileRef = B9F6AD0E1FB466210011A2F1 /* Checker.swift */; };
/* End PBXBuildFile section */

/* Begin PBXCopyFilesBuildPhase section */
		B9F6AD001FB459D50011A2F1 /* CopyFiles */ = {
			isa = PBXCopyFilesBuildPhase;
			buildActionMask = 2147483647;
			dstPath = /usr/share/man/man1/;
			dstSubfolderSpec = 0;
			files = (
			);
			runOnlyForDeploymentPostprocessing = 1;
		};
/* End PBXCopyFilesBuildPhase section */

/* Begin PBXFileReference section */
		B9F67FCB1FBDC98D005A8A75 /* StringsLocalizationModel.swift */ = {isa = PBXFileReference; lastKnownFileType = sourcecode.swift; path = StringsLocalizationModel.swift; sourceTree = "<group>"; };
		B9F6AD021FB459D50011A2F1 /* CPL_LocalizationChecker */ = {isa = PBXFileReference; explicitFileType = "compiled.mach-o.executable"; includeInIndex = 0; path = CPL_LocalizationChecker; sourceTree = BUILT_PRODUCTS_DIR; };
		B9F6AD051FB459D50011A2F1 /* main.swift */ = {isa = PBXFileReference; lastKnownFileType = sourcecode.swift; path = main.swift; sourceTree = "<group>"; };
		B9F6AD0C1FB45CAE0011A2F1 /* Configuration.swift */ = {isa = PBXFileReference; lastKnownFileType = sourcecode.swift; path = Configuration.swift; sourceTree = "<group>"; };
		B9F6AD0E1FB466210011A2F1 /* Checker.swift */ = {isa = PBXFileReference; lastKnownFileType = sourcecode.swift; path = Checker.swift; sourceTree = "<group>"; };
/* End PBXFileReference section */

/* Begin PBXFrameworksBuildPhase section */
		B9F6ACFF1FB459D50011A2F1 /* Frameworks */ = {
			isa = PBXFrameworksBuildPhase;
			buildActionMask = 2147483647;
			files = (
			);
			runOnlyForDeploymentPostprocessing = 0;
		};
/* End PBXFrameworksBuildPhase section */

/* Begin PBXGroup section */
		B9F6ACF91FB459D50011A2F1 = {
			isa = PBXGroup;
			children = (
				B9F6AD041FB459D50011A2F1 /* LocalizationChecker */,
				B9F6AD031FB459D50011A2F1 /* Products */,
			);
			sourceTree = "<group>";
		};
		B9F6AD031FB459D50011A2F1 /* Products */ = {
			isa = PBXGroup;
			children = (
				B9F6AD021FB459D50011A2F1 /* CPL_LocalizationChecker */,
			);
			name = Products;
			sourceTree = "<group>";
		};
		B9F6AD041FB459D50011A2F1 /* LocalizationChecker */ = {
			isa = PBXGroup;
			children = (
				B9F6AD051FB459D50011A2F1 /* main.swift */,
				B9F6AD0C1FB45CAE0011A2F1 /* Configuration.swift */,
				B9F6AD0E1FB466210011A2F1 /* Checker.swift */,
				B9F67FCB1FBDC98D005A8A75 /* StringsLocalizationModel.swift */,
			);
			path = LocalizationChecker;
			sourceTree = "<group>";
		};
/* End PBXGroup section */

/* Begin PBXNativeTarget section */
		B9F6AD011FB459D50011A2F1 /* CPL_LocalizationChecker */ = {
			isa = PBXNativeTarget;
			buildConfigurationList = B9F6AD091FB459D50011A2F1 /* Build configuration list for PBXNativeTarget "CPL_LocalizationChecker" */;
			buildPhases = (
				B9F6ACFE1FB459D50011A2F1 /* Sources */,
				B9F6ACFF1FB459D50011A2F1 /* Frameworks */,
				B9F6AD001FB459D50011A2F1 /* CopyFiles */,
			);
			buildRules = (
			);
			dependencies = (
			);
			name = CPL_LocalizationChecker;
			productName = LocalizationChecker;
			productReference = B9F6AD021FB459D50011A2F1 /* CPL_LocalizationChecker */;
			productType = "com.apple.product-type.tool";
		};
/* End PBXNativeTarget section */

/* Begin PBXProject section */
		B9F6ACFA1FB459D50011A2F1 /* Project object */ = {
			isa = PBXProject;
			attributes = {
				LastSwiftUpdateCheck = 0900;
				LastUpgradeCheck = 0900;
				ORGANIZATIONNAME = Cybercom;
				TargetAttributes = {
					B9F6AD011FB459D50011A2F1 = {
						CreatedOnToolsVersion = 9.0;
						ProvisioningStyle = Automatic;
					};
				};
			};
			buildConfigurationList = B9F6ACFD1FB459D50011A2F1 /* Build configuration list for PBXProject "CPL_LocalizationChecker" */;
			compatibilityVersion = "Xcode 8.0";
			developmentRegion = en;
			hasScannedForEncodings = 0;
			knownRegions = (
				en,
			);
			mainGroup = B9F6ACF91FB459D50011A2F1;
			productRefGroup = B9F6AD031FB459D50011A2F1 /* Products */;
			projectDirPath = "";
			projectRoot = "";
			targets = (
				B9F6AD011FB459D50011A2F1 /* CPL_LocalizationChecker */,
			);
		};
/* End PBXProject section */

/* Begin PBXSourcesBuildPhase section */
		B9F6ACFE1FB459D50011A2F1 /* Sources */ = {
			isa = PBXSourcesBuildPhase;
			buildActionMask = 2147483647;
			files = (
				B9F6AD0D1FB45CAE0011A2F1 /* Configuration.swift in Sources */,
				B9F67FCC1FBDC98D005A8A75 /* StringsLocalizationModel.swift in Sources */,
				B9F6AD0F1FB466210011A2F1 /* Checker.swift in Sources */,
				B9F6AD061FB459D50011A2F1 /* main.swift in Sources */,
			);
			runOnlyForDeploymentPostprocessing = 0;
		};
/* End PBXSourcesBuildPhase section */

/* Begin XCBuildConfiguration section */
		B9F6AD071FB459D50011A2F1 /* Debug */ = {
			isa = XCBuildConfiguration;
			buildSettings = {
				ALWAYS_SEARCH_USER_PATHS = NO;
				CLANG_ANALYZER_NONNULL = YES;
				CLANG_ANALYZER_NUMBER_OBJECT_CONVERSION = YES_AGGRESSIVE;
				CLANG_CXX_LANGUAGE_STANDARD = "gnu++14";
				CLANG_CXX_LIBRARY = "libc++";
				CLANG_ENABLE_MODULES = YES;
				CLANG_ENABLE_OBJC_ARC = YES;
				CLANG_WARN_BLOCK_CAPTURE_AUTORELEASING = YES;
				CLANG_WARN_BOOL_CONVERSION = YES;
				CLANG_WARN_COMMA = YES;
				CLANG_WARN_CONSTANT_CONVERSION = YES;
				CLANG_WARN_DIRECT_OBJC_ISA_USAGE = YES_ERROR;
				CLANG_WARN_DOCUMENTATION_COMMENTS = YES;
				CLANG_WARN_EMPTY_BODY = YES;
				CLANG_WARN_ENUM_CONVERSION = YES;
				CLANG_WARN_INFINITE_RECURSION = YES;
				CLANG_WARN_INT_CONVERSION = YES;
				CLANG_WARN_NON_LITERAL_NULL_CONVERSION = YES;
				CLANG_WARN_OBJC_LITERAL_CONVERSION = YES;
				CLANG_WARN_OBJC_ROOT_CLASS = YES_ERROR;
				CLANG_WARN_RANGE_LOOP_ANALYSIS = YES;
				CLANG_WARN_STRICT_PROTOTYPES = YES;
				CLANG_WARN_SUSPICIOUS_MOVE = YES;
				CLANG_WARN_UNGUARDED_AVAILABILITY = YES_AGGRESSIVE;
				CLANG_WARN_UNREACHABLE_CODE = YES;
				CLANG_WARN__DUPLICATE_METHOD_MATCH = YES;
				CODE_SIGN_IDENTITY = "Mac Developer";
				COPY_PHASE_STRIP = NO;
				DEBUG_INFORMATION_FORMAT = dwarf;
				ENABLE_STRICT_OBJC_MSGSEND = YES;
				ENABLE_TESTABILITY = YES;
				GCC_C_LANGUAGE_STANDARD = gnu11;
				GCC_DYNAMIC_NO_PIC = NO;
				GCC_NO_COMMON_BLOCKS = YES;
				GCC_OPTIMIZATION_LEVEL = 0;
				GCC_PREPROCESSOR_DEFINITIONS = (
					"DEBUG=1",
					"$(inherited)",
				);
				GCC_WARN_64_TO_32_BIT_CONVERSION = YES;
				GCC_WARN_ABOUT_RETURN_TYPE = YES_ERROR;
				GCC_WARN_UNDECLARED_SELECTOR = YES;
				GCC_WARN_UNINITIALIZED_AUTOS = YES_AGGRESSIVE;
				GCC_WARN_UNUSED_FUNCTION = YES;
				GCC_WARN_UNUSED_VARIABLE = YES;
				MACOSX_DEPLOYMENT_TARGET = 10.12;
				MTL_ENABLE_DEBUG_INFO = YES;
				ONLY_ACTIVE_ARCH = YES;
				SDKROOT = macosx;
				SWIFT_ACTIVE_COMPILATION_CONDITIONS = DEBUG;
				SWIFT_OPTIMIZATION_LEVEL = "-Onone";
			};
			name = Debug;
		};
		B9F6AD081FB459D50011A2F1 /* Release */ = {
			isa = XCBuildConfiguration;
			buildSettings = {
				ALWAYS_SEARCH_USER_PATHS = NO;
				CLANG_ANALYZER_NONNULL = YES;
				CLANG_ANALYZER_NUMBER_OBJECT_CONVERSION = YES_AGGRESSIVE;
				CLANG_CXX_LANGUAGE_STANDARD = "gnu++14";
				CLANG_CXX_LIBRARY = "libc++";
				CLANG_ENABLE_MODULES = YES;
				CLANG_ENABLE_OBJC_ARC = YES;
				CLANG_WARN_BLOCK_CAPTURE_AUTORELEASING = YES;
				CLANG_WARN_BOOL_CONVERSION = YES;
				CLANG_WARN_COMMA = YES;
				CLANG_WARN_CONSTANT_CONVERSION = YES;
				CLANG_WARN_DIRECT_OBJC_ISA_USAGE = YES_ERROR;
				CLANG_WARN_DOCUMENTATION_COMMENTS = YES;
				CLANG_WARN_EMPTY_BODY = YES;
				CLANG_WARN_ENUM_CONVERSION = YES;
				CLANG_WARN_INFINITE_RECURSION = YES;
				CLANG_WARN_INT_CONVERSION = YES;
				CLANG_WARN_NON_LITERAL_NULL_CONVERSION = YES;
				CLANG_WARN_OBJC_LITERAL_CONVERSION = YES;
				CLANG_WARN_OBJC_ROOT_CLASS = YES_ERROR;
				CLANG_WARN_RANGE_LOOP_ANALYSIS = YES;
				CLANG_WARN_STRICT_PROTOTYPES = YES;
				CLANG_WARN_SUSPICIOUS_MOVE = YES;
				CLANG_WARN_UNGUARDED_AVAILABILITY = YES_AGGRESSIVE;
				CLANG_WARN_UNREACHABLE_CODE = YES;
				CLANG_WARN__DUPLICATE_METHOD_MATCH = YES;
				CODE_SIGN_IDENTITY = "Mac Developer";
				COPY_PHASE_STRIP = NO;
				DEBUG_INFORMATION_FORMAT = "dwarf-with-dsym";
				ENABLE_NS_ASSERTIONS = NO;
				ENABLE_STRICT_OBJC_MSGSEND = YES;
				GCC_C_LANGUAGE_STANDARD = gnu11;
				GCC_NO_COMMON_BLOCKS = YES;
				GCC_WARN_64_TO_32_BIT_CONVERSION = YES;
				GCC_WARN_ABOUT_RETURN_TYPE = YES_ERROR;
				GCC_WARN_UNDECLARED_SELECTOR = YES;
				GCC_WARN_UNINITIALIZED_AUTOS = YES_AGGRESSIVE;
				GCC_WARN_UNUSED_FUNCTION = YES;
				GCC_WARN_UNUSED_VARIABLE = YES;
				MACOSX_DEPLOYMENT_TARGET = 10.12;
				MTL_ENABLE_DEBUG_INFO = NO;
				SDKROOT = macosx;
				SWIFT_OPTIMIZATION_LEVEL = "-Owholemodule";
			};
			name = Release;
		};
		B9F6AD0A1FB459D50011A2F1 /* Debug */ = {
			isa = XCBuildConfiguration;
			buildSettings = {
				CODE_SIGN_STYLE = Automatic;
				DEVELOPMENT_TEAM = C6P2EMH7KR;
				PRODUCT_NAME = "$(TARGET_NAME)";
				SWIFT_VERSION = 4.0;
			};
			name = Debug;
		};
		B9F6AD0B1FB459D50011A2F1 /* Release */ = {
			isa = XCBuildConfiguration;
			buildSettings = {
				CODE_SIGN_STYLE = Automatic;
				DEVELOPMENT_TEAM = C6P2EMH7KR;
				PRODUCT_NAME = "$(TARGET_NAME)";
				SWIFT_VERSION = 4.0;
			};
			name = Release;
		};
/* End XCBuildConfiguration section */

/* Begin XCConfigurationList section */
		B9F6ACFD1FB459D50011A2F1 /* Build configuration list for PBXProject "CPL_LocalizationChecker" */ = {
			isa = XCConfigurationList;
			buildConfigurations = (
				B9F6AD071FB459D50011A2F1 /* Debug */,
				B9F6AD081FB459D50011A2F1 /* Release */,
			);
			defaultConfigurationIsVisible = 0;
			defaultConfigurationName = Release;
		};
		B9F6AD091FB459D50011A2F1 /* Build configuration list for PBXNativeTarget "CPL_LocalizationChecker" */ = {
			isa = XCConfigurationList;
			buildConfigurations = (
				B9F6AD0A1FB459D50011A2F1 /* Debug */,
				B9F6AD0B1FB459D50011A2F1 /* Release */,
			);
			defaultConfigurationIsVisible = 0;
			defaultConfigurationName = Release;
		};
/* End XCConfigurationList section */
	};
	rootObject = B9F6ACFA1FB459D50011A2F1 /* Project object */;
}
